
Microsoft Visual Studio Solution File, Format Version 12.00
# Visual Studio Version 17
VisualStudioVersion = 17.0.31903.59
MinimumVisualStudioVersion = 10.0.40219.1
Project("{2150E333-8FDC-42A3-9474-1A3956D46DE8}") = "src", "src", "{5AD10CEE-08F2-4805-8E4E-0001AC6E31C3}"
EndProject
Project("{FAE04EC0-301F-11D3-BF4B-00C04F79EFBC}") = "QuantifiedSelf.Windows.App", "src\QuantifiedSelf.Windows.App\QuantifiedSelf.Windows.App.csproj", "{E7172585-3E42-4EDF-8879-CD7986F11642}"
EndProject
Project("{FAE04EC0-301F-11D3-BF4B-00C04F79EFBC}") = "QuantifiedSelf.Windows.Agent", "src\QuantifiedSelf.Windows.Agent\QuantifiedSelf.Windows.Agent.csproj", "{851AA084-3105-45C8-AD8B-B064634932E4}"
EndProject
Project("{FAE04EC0-301F-11D3-BF4B-00C04F79EFBC}") = "QuantifiedSelf.Windows.Agent.Runtime", "src\QuantifiedSelf.Windows.Agent.Runtime\QuantifiedSelf.Windows.Agent.Runtime.csproj", "{5E4D8B9D-3D46-4B66-AE09-E0E817F4926D}"
EndProject
Project("{FAE04EC0-301F-11D3-BF4B-00C04F79EFBC}") = "QuantifiedSelf.Windows.Core", "src\QuantifiedSelf.Windows.Core\QuantifiedSelf.Windows.Core.csproj", "{3E45DC3F-D26D-4131-AFF6-767FFBD1857D}"
EndProject
Project("{FAE04EC0-301F-11D3-BF4B-00C04F79EFBC}") = "QuantifiedSelf.Windows.Infrastructure", "src\QuantifiedSelf.Windows.Infrastructure\QuantifiedSelf.Windows.Infrastructure.csproj", "{74E654AC-1780-4156-A320-085B74F40956}"
EndProject
Project("{FAE04EC0-301F-11D3-BF4B-00C04F79EFBC}") = "QuantifiedSelf.Windows.Application", "src\QuantifiedSelf.Windows.Application\QuantifiedSelf.Windows.Application.csproj", "{B37A9B7C-7080-4A15-A693-CC980E7C4391}"
EndProject
Project("{FAE04EC0-301F-11D3-BF4B-00C04F79EFBC}") = "QuantifiedSelf.Windows.Client", "src\QuantifiedSelf.Windows.Client\QuantifiedSelf.Windows.Client.csproj", "{7368B98A-4EE0-40B2-858B-220B41BC91C0}"
EndProject
Project("{2150E333-8FDC-42A3-9474-1A3956D46DE8}") = "tests", "tests", "{8D34E531-5B72-40C1-81FD-8B659B4A4629}"
EndProject
Project("{FAE04EC0-301F-11D3-BF4B-00C04F79EFBC}") = "QuantifiedSelf.Windows.Tests", "tests\QuantifiedSelf.Windows.Tests\QuantifiedSelf.Windows.Tests.csproj", "{95CAC551-0912-4E54-A387-B5AA6CBC4877}"
EndProject
Project("{FAE04EC0-301F-11D3-BF4B-00C04F79EFBC}") = "QuantifiedSelf.Windows.Core.Tests", "tests\QuantifiedSelf.Windows.Core.Tests\QuantifiedSelf.Windows.Core.Tests.csproj", "{55751030-7439-4B6D-A8FA-9AD96C9CA461}"
EndProject
Project("{FAE04EC0-301F-11D3-BF4B-00C04F79EFBC}") = "QuantifiedSelf.Windows.Application.Tests", "tests\QuantifiedSelf.Windows.Application.Tests\QuantifiedSelf.Windows.Application.Tests.csproj", "{43C932A4-BDC7-4026-9C11-7B435B300F05}"
EndProject
Project("{FAE04EC0-301F-11D3-BF4B-00C04F79EFBC}") = "QuantifiedSelf.Windows.Infrastructure.Tests", "tests\QuantifiedSelf.Windows.Infrastructure.Tests\QuantifiedSelf.Windows.Infrastructure.Tests.csproj", "{43F24C0E-A98B-493F-9B17-698B90469C4D}"
EndProject
Project("{FAE04EC0-301F-11D3-BF4B-00C04F79EFBC}") = "QuantifiedSelf.Windows.Client.Tests", "tests\QuantifiedSelf.Windows.Client.Tests\QuantifiedSelf.Windows.Client.Tests.csproj", "{27CE675E-D9A6-4E0C-9F5E-36B6271E6671}"
EndProject
Project("{FAE04EC0-301F-11D3-BF4B-00C04F79EFBC}") = "QuantifiedSelf.Windows.App.Tests", "tests\QuantifiedSelf.Windows.App.Tests\QuantifiedSelf.Windows.App.Tests.csproj", "{CED5D266-E3ED-45FD-9C03-7E0F52AAAADE}"
EndProject
Project("{FAE04EC0-301F-11D3-BF4B-00C04F79EFBC}") = "QuantifiedSelf.Windows.Agent.Tests", "tests\QuantifiedSelf.Windows.Agent.Tests\QuantifiedSelf.Windows.Agent.Tests.csproj", "{B981CAA0-5B85-41FC-8E8F-B558183842A4}"
EndProject
Project("{FAE04EC0-301F-11D3-BF4B-00C04F79EFBC}") = "QuantifiedSelf.Windows.Client.Bridge", "src\QuantifiedSelf.Windows.Client.Bridge\QuantifiedSelf.Windows.Client.Bridge.csproj", "{72E2460A-D55B-456A-90A9-2454D2C58525}"
EndProject
Project("{FAE04EC0-301F-11D3-BF4B-00C04F79EFBC}") = "QuantifiedSelf.Windows.Client.Bridge.Tests", "tests\QuantifiedSelf.Windows.Client.Bridge.Tests\QuantifiedSelf.Windows.Client.Bridge.Tests.csproj", "{4B452E9B-6F03-4937-9717-682EB9165F28}"
EndProject
Project("{2150E333-8FDC-42A3-9474-1A3956D46DE8}") = "tools", "tools", "{60861D2E-B566-400D-B0EC-6E314A6F0769}"
EndProject
Project("{FAE04EC0-301F-11D3-BF4B-00C04F79EFBC}") = "QuantifiedSelf.Windows.Bridge.ContractGen", "tools\QuantifiedSelf.Windows.Bridge.ContractGen\QuantifiedSelf.Windows.Bridge.ContractGen.csproj", "{9BA0BB3D-5889-4488-916D-9364DDD312D5}"
EndProject
Project("{FAE04EC0-301F-11D3-BF4B-00C04F79EFBC}") = "QuantifiedSelf.Windows.DashboardParity", "tools\QuantifiedSelf.Windows.DashboardParity\QuantifiedSelf.Windows.DashboardParity.csproj", "{7959164A-FD97-4A96-ACE7-108D014F3A2C}"
EndProject
Global
	GlobalSection(SolutionConfigurationPlatforms) = preSolution
		Debug|Any CPU = Debug|Any CPU
		Release|Any CPU = Release|Any CPU
	EndGlobalSection
	GlobalSection(SolutionProperties) = preSolution
		HideSolutionNode = FALSE
	EndGlobalSection
	GlobalSection(ProjectConfigurationPlatforms) = postSolution
		{E7172585-3E42-4EDF-8879-CD7986F11642}.Debug|Any CPU.ActiveCfg = Debug|Any CPU
		{E7172585-3E42-4EDF-8879-CD7986F11642}.Debug|Any CPU.Build.0 = Debug|Any CPU
		{E7172585-3E42-4EDF-8879-CD7986F11642}.Release|Any CPU.ActiveCfg = Release|Any CPU
		{E7172585-3E42-4EDF-8879-CD7986F11642}.Release|Any CPU.Build.0 = Release|Any CPU
		{851AA084-3105-45C8-AD8B-B064634932E4}.Debug|Any CPU.ActiveCfg = Debug|Any CPU
		{851AA084-3105-45C8-AD8B-B064634932E4}.Debug|Any CPU.Build.0 = Debug|Any CPU
		{851AA084-3105-45C8-AD8B-B064634932E4}.Release|Any CPU.ActiveCfg = Release|Any CPU
		{851AA084-3105-45C8-AD8B-B064634932E4}.Release|Any CPU.Build.0 = Release|Any CPU
		{5E4D8B9D-3D46-4B66-AE09-E0E817F4926D}.Debug|Any CPU.ActiveCfg = Debug|Any CPU
		{5E4D8B9D-3D46-4B66-AE09-E0E817F4926D}.Debug|Any CPU.Build.0 = Debug|Any CPU
		{5E4D8B9D-3D46-4B66-AE09-E0E817F4926D}.Release|Any CPU.ActiveCfg = Release|Any CPU
		{5E4D8B9D-3D46-4B66-AE09-E0E817F4926D}.Release|Any CPU.Build.0 = Release|Any CPU
		{3E45DC3F-D26D-4131-AFF6-767FFBD1857D}.Debug|Any CPU.ActiveCfg = Debug|Any CPU
		{3E45DC3F-D26D-4131-AFF6-767FFBD1857D}.Debug|Any CPU.Build.0 = Debug|Any CPU
		{3E45DC3F-D26D-4131-AFF6-767FFBD1857D}.Release|Any CPU.ActiveCfg = Release|Any CPU
		{3E45DC3F-D26D-4131-AFF6-767FFBD1857D}.Release|Any CPU.Build.0 = Release|Any CPU
		{74E654AC-1780-4156-A320-085B74F40956}.Debug|Any CPU.ActiveCfg = Debug|Any CPU
		{74E654AC-1780-4156-A320-085B74F40956}.Debug|Any CPU.Build.0 = Debug|Any CPU
		{74E654AC-1780-4156-A320-085B74F40956}.Release|Any CPU.ActiveCfg = Release|Any CPU
		{74E654AC-1780-4156-A320-085B74F40956}.Release|Any CPU.Build.0 = Release|Any CPU
		{B37A9B7C-7080-4A15-A693-CC980E7C4391}.Debug|Any CPU.ActiveCfg = Debug|Any CPU
		{B37A9B7C-7080-4A15-A693-CC980E7C4391}.Debug|Any CPU.Build.0 = Debug|Any CPU
		{B37A9B7C-7080-4A15-A693-CC980E7C4391}.Release|Any CPU.ActiveCfg = Release|Any CPU
		{B37A9B7C-7080-4A15-A693-CC980E7C4391}.Release|Any CPU.Build.0 = Release|Any CPU
		{7368B98A-4EE0-40B2-858B-220B41BC91C0}.Debug|Any CPU.ActiveCfg = Debug|Any CPU
		{7368B98A-4EE0-40B2-858B-220B41BC91C0}.Debug|Any CPU.Build.0 = Debug|Any CPU
		{7368B98A-4EE0-40B2-858B-220B41BC91C0}.Release|Any CPU.ActiveCfg = Release|Any CPU
		{7368B98A-4EE0-40B2-858B-220B41BC91C0}.Release|Any CPU.Build.0 = Release|Any CPU
		{95CAC551-0912-4E54-A387-B5AA6CBC4877}.Debug|Any CPU.ActiveCfg = Debug|Any CPU
		{95CAC551-0912-4E54-A387-B5AA6CBC4877}.Debug|Any CPU.Build.0 = Debug|Any CPU
		{95CAC551-0912-4E54-A387-B5AA6CBC4877}.Release|Any CPU.ActiveCfg = Release|Any CPU
		{95CAC551-0912-4E54-A387-B5AA6CBC4877}.Release|Any CPU.Build.0 = Release|Any CPU
		{55751030-7439-4B6D-A8FA-9AD96C9CA461}.Debug|Any CPU.ActiveCfg = Debug|Any CPU
		{55751030-7439-4B6D-A8FA-9AD96C9CA461}.Debug|Any CPU.Build.0 = Debug|Any CPU
		{55751030-7439-4B6D-A8FA-9AD96C9CA461}.Release|Any CPU.ActiveCfg = Release|Any CPU
		{55751030-7439-4B6D-A8FA-9AD96C9CA461}.Release|Any CPU.Build.0 = Release|Any CPU
		{43C932A4-BDC7-4026-9C11-7B435B300F05}.Debug|Any CPU.ActiveCfg = Debug|Any CPU
		{43C932A4-BDC7-4026-9C11-7B435B300F05}.Debug|Any CPU.Build.0 = Debug|Any CPU
		{43C932A4-BDC7-4026-9C11-7B435B300F05}.Release|Any CPU.ActiveCfg = Release|Any CPU
		{43C932A4-BDC7-4026-9C11-7B435B300F05}.Release|Any CPU.Build.0 = Release|Any CPU
		{43F24C0E-A98B-493F-9B17-698B90469C4D}.Debug|Any CPU.ActiveCfg = Debug|Any CPU
		{43F24C0E-A98B-493F-9B17-698B90469C4D}.Debug|Any CPU.Build.0 = Debug|Any CPU
		{43F24C0E-A98B-493F-9B17-698B90469C4D}.Release|Any CPU.ActiveCfg = Release|Any CPU
		{43F24C0E-A98B-493F-9B17-698B90469C4D}.Release|Any CPU.Build.0 = Release|Any CPU
		{27CE675E-D9A6-4E0C-9F5E-36B6271E6671}.Debug|Any CPU.ActiveCfg = Debug|Any CPU
		{27CE675E-D9A6-4E0C-9F5E-36B6271E6671}.Debug|Any CPU.Build.0 = Debug|Any CPU
		{27CE675E-D9A6-4E0C-9F5E-36B6271E6671}.Release|Any CPU.ActiveCfg = Release|Any CPU
		{27CE675E-D9A6-4E0C-9F5E-36B6271E6671}.Release|Any CPU.Build.0 = Release|Any CPU
		{CED5D266-E3ED-45FD-9C03-7E0F52AAAADE}.Debug|Any CPU.ActiveCfg = Debug|Any CPU
		{CED5D266-E3ED-45FD-9C03-7E0F52AAAADE}.Debug|Any CPU.Build.0 = Debug|Any CPU
		{CED5D266-E3ED-45FD-9C03-7E0F52AAAADE}.Release|Any CPU.ActiveCfg = Release|Any CPU
		{CED5D266-E3ED-45FD-9C03-7E0F52AAAADE}.Release|Any CPU.Build.0 = Release|Any CPU
		{B981CAA0-5B85-41FC-8E8F-B558183842A4}.Debug|Any CPU.ActiveCfg = Debug|Any CPU
		{B981CAA0-5B85-41FC-8E8F-B558183842A4}.Debug|Any CPU.Build.0 = Debug|Any CPU
		{B981CAA0-5B85-41FC-8E8F-B558183842A4}.Release|Any CPU.ActiveCfg = Release|Any CPU
		{B981CAA0-5B85-41FC-8E8F-B558183842A4}.Release|Any CPU.Build.0 = Release|Any CPU
		{72E2460A-D55B-456A-90A9-2454D2C58525}.Debug|Any CPU.ActiveCfg = Debug|Any CPU
		{72E2460A-D55B-456A-90A9-2454D2C58525}.Debug|Any CPU.Build.0 = Debug|Any CPU
		{72E2460A-D55B-456A-90A9-2454D2C58525}.Release|Any CPU.ActiveCfg = Release|Any CPU
		{72E2460A-D55B-456A-90A9-2454D2C58525}.Release|Any CPU.Build.0 = Release|Any CPU
		{4B452E9B-6F03-4937-9717-682EB9165F28}.Debug|Any CPU.ActiveCfg = Debug|Any CPU
		{4B452E9B-6F03-4937-9717-682EB9165F28}.Debug|Any CPU.Build.0 = Debug|Any CPU
		{4B452E9B-6F03-4937-9717-682EB9165F28}.Release|Any CPU.ActiveCfg = Release|Any CPU
		{4B452E9B-6F03-4937-9717-682EB9165F28}.Release|Any CPU.Build.0 = Release|Any CPU
		{9BA0BB3D-5889-4488-916D-9364DDD312D5}.Debug|Any CPU.ActiveCfg = Debug|Any CPU
		{9BA0BB3D-5889-4488-916D-9364DDD312D5}.Debug|Any CPU.Build.0 = Debug|Any CPU
		{9BA0BB3D-5889-4488-916D-9364DDD312D5}.Release|Any CPU.ActiveCfg = Release|Any CPU
		{9BA0BB3D-5889-4488-916D-9364DDD312D5}.Release|Any CPU.Build.0 = Release|Any CPU
		{7959164A-FD97-4A96-ACE7-108D014F3A2C}.Debug|Any CPU.ActiveCfg = Debug|Any CPU
		{7959164A-FD97-4A96-ACE7-108D014F3A2C}.Debug|Any CPU.Build.0 = Debug|Any CPU
		{7959164A-FD97-4A96-ACE7-108D014F3A2C}.Release|Any CPU.ActiveCfg = Release|Any CPU
		{7959164A-FD97-4A96-ACE7-108D014F3A2C}.Release|Any CPU.Build.0 = Release|Any CPU
	EndGlobalSection
	GlobalSection(NestedProjects) = preSolution
		{E7172585-3E42-4EDF-8879-CD7986F11642} = {5AD10CEE-08F2-4805-8E4E-0001AC6E31C3}
		{851AA084-3105-45C8-AD8B-B064634932E4} = {5AD10CEE-08F2-4805-8E4E-0001AC6E31C3}
		{5E4D8B9D-3D46-4B66-AE09-E0E817F4926D} = {5AD10CEE-08F2-4805-8E4E-0001AC6E31C3}
		{3E45DC3F-D26D-4131-AFF6-767FFBD1857D} = {5AD10CEE-08F2-4805-8E4E-0001AC6E31C3}
		{74E654AC-1780-4156-A320-085B74F40956} = {5AD10CEE-08F2-4805-8E4E-0001AC6E31C3}
		{B37A9B7C-7080-4A15-A693-CC980E7C4391} = {5AD10CEE-08F2-4805-8E4E-0001AC6E31C3}
		{7368B98A-4EE0-40B2-858B-220B41BC91C0} = {5AD10CEE-08F2-4805-8E4E-0001AC6E31C3}
		{95CAC551-0912-4E54-A387-B5AA6CBC4877} = {8D34E531-5B72-40C1-81FD-8B659B4A4629}
		{55751030-7439-4B6D-A8FA-9AD96C9CA461} = {8D34E531-5B72-40C1-81FD-8B659B4A4629}
		{43C932A4-BDC7-4026-9C11-7B435B300F05} = {8D34E531-5B72-40C1-81FD-8B659B4A4629}
		{43F24C0E-A98B-493F-9B17-698B90469C4D} = {8D34E531-5B72-40C1-81FD-8B659B4A4629}
		{27CE675E-D9A6-4E0C-9F5E-36B6271E6671} = {8D34E531-5B72-40C1-81FD-8B659B4A4629}
		{CED5D266-E3ED-45FD-9C03-7E0F52AAAADE} = {8D34E531-5B72-40C1-81FD-8B659B4A4629}
		{B981CAA0-5B85-41FC-8E8F-B558183842A4} = {8D34E531-5B72-40C1-81FD-8B659B4A4629}
		{72E2460A-D55B-456A-90A9-2454D2C58525} = {5AD10CEE-08F2-4805-8E4E-0001AC6E31C3}
		{4B452E9B-6F03-4937-9717-682EB9165F28} = {8D34E531-5B72-40C1-81FD-8B659B4A4629}
		{9BA0BB3D-5889-4488-916D-9364DDD312D5} = {60861D2E-B566-400D-B0EC-6E314A6F0769}
		{7959164A-FD97-4A96-ACE7-108D014F3A2C} = {60861D2E-B566-400D-B0EC-6E314A6F0769}
	EndGlobalSection
EndGlobal
